
Microsoft Visual Studio Solution File, Format Version 12.00
# Visual Studio Version 17
VisualStudioVersion = 17.12.35527.113 d17.12
MinimumVisualStudioVersion = 10.0.40219.1
Project("{2150E333-8FDC-42A3-9474-1A3956D46DE8}") = "src", "src", "{95C6F556-A53B-4533-979F-516A54F92261}"
EndProject
Project("{FAE04EC0-301F-11D3-BF4B-00C04F79EFBC}") = "CMS.AI.Domain", "CMS.AI.Domain\CMS.AI.Domain.csproj", "{39C32300-2DA5-4544-A8B8-1FDF9429940E}"
EndProject
Project("{2150E333-8FDC-42A3-9474-1A3956D46DE8}") = "Core", "Core", "{9900F239-F81A-4547-BD01-FF194CA9E6A7}"
EndProject
Project("{FAE04EC0-301F-11D3-BF4B-00C04F79EFBC}") = "CMS.AI.Application", "CMS.AI.Application\CMS.AI.Application.csproj", "{5F4DAE05-079C-4890-A571-36D98A0B6CEC}"
EndProject
Global
	GlobalSection(SolutionConfigurationPlatforms) = preSolution
		Debug|Any CPU = Debug|Any CPU
		Release|Any CPU = Release|Any CPU
	EndGlobalSection
	GlobalSection(ProjectConfigurationPlatforms) = postSolution
		{39C32300-2DA5-4544-A8B8-1FDF9429940E}.Debug|Any CPU.ActiveCfg = Debug|Any CPU
		{39C32300-2DA5-4544-A8B8-1FDF9429940E}.Debug|Any CPU.Build.0 = Debug|Any CPU
		{39C32300-2DA5-4544-A8B8-1FDF9429940E}.Release|Any CPU.ActiveCfg = Release|Any CPU
		{39C32300-2DA5-4544-A8B8-1FDF9429940E}.Release|Any CPU.Build.0 = Release|Any CPU
		{5F4DAE05-079C-4890-A571-36D98A0B6CEC}.Debug|Any CPU.ActiveCfg = Debug|Any CPU
		{5F4DAE05-079C-4890-A571-36D98A0B6CEC}.Debug|Any CPU.Build.0 = Debug|Any CPU
		{5F4DAE05-079C-4890-A571-36D98A0B6CEC}.Release|Any CPU.ActiveCfg = Release|Any CPU
		{5F4DAE05-079C-4890-A571-36D98A0B6CEC}.Release|Any CPU.Build.0 = Release|Any CPU
	EndGlobalSection
	GlobalSection(SolutionProperties) = preSolution
		HideSolutionNode = FALSE
	EndGlobalSection
	GlobalSection(NestedProjects) = preSolution
		{39C32300-2DA5-4544-A8B8-1FDF9429940E} = {9900F239-F81A-4547-BD01-FF194CA9E6A7}
		{9900F239-F81A-4547-BD01-FF194CA9E6A7} = {95C6F556-A53B-4533-979F-516A54F92261}
		{5F4DAE05-079C-4890-A571-36D98A0B6CEC} = {9900F239-F81A-4547-BD01-FF194CA9E6A7}
	EndGlobalSection
EndGlobal
